
Microsoft Visual Studio Solution File, Format Version 12.00
# Visual Studio Version 17
VisualStudioVersion = 17.5.002.0
MinimumVisualStudioVersion = 10.0.40219.1
Project("{9A19103F-16F7-4668-BE54-9A1E7A4F7556}") = "Blog", "Blog.csproj", "{B947FF56-533B-41AF-9CBF-D5867EA16A97}"
EndProject
Global
	GlobalSection(SolutionConfigurationPlatforms) = preSolution
		Debug|Any CPU = Debug|Any CPU
		Release|Any CPU = Release|Any CPU
	EndGlobalSection
	GlobalSection(ProjectConfigurationPlatforms) = postSolution
		{B947FF56-533B-41AF-9CBF-D5867EA16A97}.Debug|Any CPU.ActiveCfg = Debug|Any CPU
		{B947FF56-533B-41AF-9CBF-D5867EA16A97}.Debug|Any CPU.Build.0 = Debug|Any CPU
		{B947FF56-533B-41AF-9CBF-D5867EA16A97}.Release|Any CPU.ActiveCfg = Release|Any CPU
		{B947FF56-533B-41AF-9CBF-D5867EA16A97}.Release|Any CPU.Build.0 = Release|Any CPU
	EndGlobalSection
	GlobalSection(SolutionProperties) = preSolution
		HideSolutionNode = FALSE
	EndGlobalSection
	GlobalSection(ExtensibilityGlobals) = postSolution
		SolutionGuid = {0A30F808-4CCC-4ABB-9D82-9CCA4E0E768D}
	EndGlobalSection
EndGlobal
